
Microsoft Visual Studio Solution File, Format Version 12.00
# Visual Studio Version 17
VisualStudioVersion = 17.4.33213.308
MinimumVisualStudioVersion = 10.0.40219.1
Project("{FAE04EC0-301F-11D3-BF4B-00C04F79EFBC}") = "SimpleServerTestClient", "SimpleServerTestClient\SimpleServerTestClient.csproj", "{733CB983-3C89-4B78-97B4-A0EEF11A2E79}"
EndProject
Global
	GlobalSection(SolutionConfigurationPlatforms) = preSolution
		Debug|Any CPU = Debug|Any CPU
		Release|Any CPU = Release|Any CPU
	EndGlobalSection
	GlobalSection(ProjectConfigurationPlatforms) = postSolution
		{733CB983-3C89-4B78-97B4-A0EEF11A2E79}.Debug|Any CPU.ActiveCfg = Debug|Any CPU
		{733CB983-3C89-4B78-97B4-A0EEF11A2E79}.Debug|Any CPU.Build.0 = Debug|Any CPU
		{733CB983-3C89-4B78-97B4-A0EEF11A2E79}.Release|Any CPU.ActiveCfg = Release|Any CPU
		{733CB983-3C89-4B78-97B4-A0EEF11A2E79}.Release|Any CPU.Build.0 = Release|Any CPU
	EndGlobalSection
	GlobalSection(SolutionProperties) = preSolution
		HideSolutionNode = FALSE
	EndGlobalSection
	GlobalSection(ExtensibilityGlobals) = postSolution
		SolutionGuid = {C412A760-DBE9-444B-8EBD-BFE6F58BC8F9}
	EndGlobalSection
EndGlobal
